
Microsoft Visual Studio Solution File, Format Version 11.00
# Visual Studio 2010
Project("{8BC9CEB8-8B4A-11D0-8D11-00A0C91BC942}") = "5_4", "5_4.vcxproj", "{604A73B5-CEC4-4E59-A7BB-9574A6B4E97A}"
EndProject
Global
	GlobalSection(SolutionConfigurationPlatforms) = preSolution
		Debug|Win32 = Debug|Win32
		Release|Win32 = Release|Win32
	EndGlobalSection
	GlobalSection(ProjectConfigurationPlatforms) = postSolution
		{604A73B5-CEC4-4E59-A7BB-9574A6B4E97A}.Debug|Win32.ActiveCfg = Debug|Win32
		{604A73B5-CEC4-4E59-A7BB-9574A6B4E97A}.Debug|Win32.Build.0 = Debug|Win32
		{604A73B5-CEC4-4E59-A7BB-9574A6B4E97A}.Release|Win32.ActiveCfg = Release|Win32
		{604A73B5-CEC4-4E59-A7BB-9574A6B4E97A}.Release|Win32.Build.0 = Release|Win32
	EndGlobalSection
	GlobalSection(SolutionProperties) = preSolution
		HideSolutionNode = FALSE
	EndGlobalSection
EndGlobal
